
Microsoft Visual Studio Solution File, Format Version 12.00
# Visual Studio Version 17
VisualStudioVersion = 17.8.34330.188
MinimumVisualStudioVersion = 10.0.40219.1
Project("{FAE04EC0-301F-11D3-BF4B-00C04F79EFBC}") = "EasyInventory", "EasyInventory\EasyInventory.csproj", "{3F3AD653-4E23-4EF8-AE53-D6204D52B2F4}"
EndProject
Global
	GlobalSection(SolutionConfigurationPlatforms) = preSolution
		Debug|Any CPU = Debug|Any CPU
		Release|Any CPU = Release|Any CPU
	EndGlobalSection
	GlobalSection(ProjectConfigurationPlatforms) = postSolution
		{3F3AD653-4E23-4EF8-AE53-D6204D52B2F4}.Debug|Any CPU.ActiveCfg = Debug|Any CPU
		{3F3AD653-4E23-4EF8-AE53-D6204D52B2F4}.Debug|Any CPU.Build.0 = Debug|Any CPU
		{3F3AD653-4E23-4EF8-AE53-D6204D52B2F4}.Release|Any CPU.ActiveCfg = Release|Any CPU
		{3F3AD653-4E23-4EF8-AE53-D6204D52B2F4}.Release|Any CPU.Build.0 = Release|Any CPU
	EndGlobalSection
	GlobalSection(SolutionProperties) = preSolution
		HideSolutionNode = FALSE
	EndGlobalSection
	GlobalSection(ExtensibilityGlobals) = postSolution
		SolutionGuid = {A22D04AF-C3B1-4F20-96C8-84CBA2B2496C}
	EndGlobalSection
EndGlobal
